
Microsoft Visual Studio Solution File, Format Version 12.00
# Visual Studio 15
VisualStudioVersion = 15.0.27130.2020
MinimumVisualStudioVersion = 10.0.40219.1
Project("{FAE04EC0-301F-11D3-BF4B-00C04F79EFBC}") = "SimpleConsoleApp", "SimpleConsoleApp\SimpleConsoleApp.csproj", "{5FE97280-97C7-49CB-A7AF-1BA99443C02D}"
EndProject
Global
	GlobalSection(SolutionConfigurationPlatforms) = preSolution
		Debug|Any CPU = Debug|Any CPU
		Release|Any CPU = Release|Any CPU
	EndGlobalSection
	GlobalSection(ProjectConfigurationPlatforms) = postSolution
		{5FE97280-97C7-49CB-A7AF-1BA99443C02D}.Debug|Any CPU.ActiveCfg = Debug|Any CPU
		{5FE97280-97C7-49CB-A7AF-1BA99443C02D}.Debug|Any CPU.Build.0 = Debug|Any CPU
		{5FE97280-97C7-49CB-A7AF-1BA99443C02D}.Release|Any CPU.ActiveCfg = Release|Any CPU
		{5FE97280-97C7-49CB-A7AF-1BA99443C02D}.Release|Any CPU.Build.0 = Release|Any CPU
	EndGlobalSection
	GlobalSection(SolutionProperties) = preSolution
		HideSolutionNode = FALSE
	EndGlobalSection
	GlobalSection(ExtensibilityGlobals) = postSolution
		SolutionGuid = {55A0273B-1856-4E00-8436-25F285A502CC}
	EndGlobalSection
EndGlobal
